
Microsoft Visual Studio Solution File, Format Version 12.00
# Visual Studio 14
VisualStudioVersion = 14.0.25420.1
MinimumVisualStudioVersion = 10.0.40219.1
Project("{FAE04EC0-301F-11D3-BF4B-00C04F79EFBC}") = "Snake", "Snake\Snake.csproj", "{45375EBD-F181-44DD-99DF-7138EFFA2E24}"
EndProject
Project("{FAE04EC0-301F-11D3-BF4B-00C04F79EFBC}") = "NetworkControl", "ClassLibrary2\NetworkControl.csproj", "{56829827-ACC0-49D0-A35F-ECCAF9CF01B4}"
EndProject
Project("{FAE04EC0-301F-11D3-BF4B-00C04F79EFBC}") = "World", "World\World.csproj", "{8F36DBB6-7AE5-47C9-8ABB-55661C3C30B9}"
EndProject
Project("{FAE04EC0-301F-11D3-BF4B-00C04F79EFBC}") = "WindowsFormsApplication1", "WindowsFormsApplication1\WindowsFormsApplication1.csproj", "{DC23BFFD-4FDD-4567-9348-6AE971920388}"
EndProject
Project("{FAE04EC0-301F-11D3-BF4B-00C04F79EFBC}") = "Food", "Food\Food.csproj", "{C5E9C0D5-DA93-4770-92C5-874FC435A12E}"
EndProject
Project("{FAE04EC0-301F-11D3-BF4B-00C04F79EFBC}") = "Point", "Point\Point.csproj", "{CD7E12E4-6BB9-40C1-961E-CF8621BB96C2}"
EndProject
Project("{2150E333-8FDC-42A3-9474-1A3956D46DE8}") = "Resources", "Resources", "{87878DBE-FC57-47E6-92E8-3922713A0597}"
	ProjectSection(SolutionItems) = preProject
		README.txt = README.txt
		settings.xml = settings.xml
	EndProjectSection
EndProject
Project("{FAE04EC0-301F-11D3-BF4B-00C04F79EFBC}") = "Server", "ConsoleApplication1\Server.csproj", "{586FA756-EE79-4C5D-BFCF-8B5B1D4A5DEE}"
EndProject
Project("{FAE04EC0-301F-11D3-BF4B-00C04F79EFBC}") = "TestModel", "TestModel\TestModel.csproj", "{3206FF5F-AF78-4F7F-84DA-44021D42D5FC}"
EndProject
Global
	GlobalSection(SolutionConfigurationPlatforms) = preSolution
		Debug|Any CPU = Debug|Any CPU
		Release|Any CPU = Release|Any CPU
	EndGlobalSection
	GlobalSection(ProjectConfigurationPlatforms) = postSolution
		{45375EBD-F181-44DD-99DF-7138EFFA2E24}.Debug|Any CPU.ActiveCfg = Debug|Any CPU
		{45375EBD-F181-44DD-99DF-7138EFFA2E24}.Debug|Any CPU.Build.0 = Debug|Any CPU
		{45375EBD-F181-44DD-99DF-7138EFFA2E24}.Release|Any CPU.ActiveCfg = Release|Any CPU
		{45375EBD-F181-44DD-99DF-7138EFFA2E24}.Release|Any CPU.Build.0 = Release|Any CPU
		{56829827-ACC0-49D0-A35F-ECCAF9CF01B4}.Debug|Any CPU.ActiveCfg = Debug|Any CPU
		{56829827-ACC0-49D0-A35F-ECCAF9CF01B4}.Debug|Any CPU.Build.0 = Debug|Any CPU
		{56829827-ACC0-49D0-A35F-ECCAF9CF01B4}.Release|Any CPU.ActiveCfg = Release|Any CPU
		{56829827-ACC0-49D0-A35F-ECCAF9CF01B4}.Release|Any CPU.Build.0 = Release|Any CPU
		{8F36DBB6-7AE5-47C9-8ABB-55661C3C30B9}.Debug|Any CPU.ActiveCfg = Debug|Any CPU
		{8F36DBB6-7AE5-47C9-8ABB-55661C3C30B9}.Debug|Any CPU.Build.0 = Debug|Any CPU
		{8F36DBB6-7AE5-47C9-8ABB-55661C3C30B9}.Release|Any CPU.ActiveCfg = Release|Any CPU
		{8F36DBB6-7AE5-47C9-8ABB-55661C3C30B9}.Release|Any CPU.Build.0 = Release|Any CPU
		{DC23BFFD-4FDD-4567-9348-6AE971920388}.Debug|Any CPU.ActiveCfg = Debug|Any CPU
		{DC23BFFD-4FDD-4567-9348-6AE971920388}.Debug|Any CPU.Build.0 = Debug|Any CPU
		{DC23BFFD-4FDD-4567-9348-6AE971920388}.Release|Any CPU.ActiveCfg = Release|Any CPU
		{DC23BFFD-4FDD-4567-9348-6AE971920388}.Release|Any CPU.Build.0 = Release|Any CPU
		{C5E9C0D5-DA93-4770-92C5-874FC435A12E}.Debug|Any CPU.ActiveCfg = Debug|Any CPU
		{C5E9C0D5-DA93-4770-92C5-874FC435A12E}.Debug|Any CPU.Build.0 = Debug|Any CPU
		{C5E9C0D5-DA93-4770-92C5-874FC435A12E}.Release|Any CPU.ActiveCfg = Release|Any CPU
		{C5E9C0D5-DA93-4770-92C5-874FC435A12E}.Release|Any CPU.Build.0 = Release|Any CPU
		{CD7E12E4-6BB9-40C1-961E-CF8621BB96C2}.Debug|Any CPU.ActiveCfg = Debug|Any CPU
		{CD7E12E4-6BB9-40C1-961E-CF8621BB96C2}.Debug|Any CPU.Build.0 = Debug|Any CPU
		{CD7E12E4-6BB9-40C1-961E-CF8621BB96C2}.Release|Any CPU.ActiveCfg = Release|Any CPU
		{CD7E12E4-6BB9-40C1-961E-CF8621BB96C2}.Release|Any CPU.Build.0 = Release|Any CPU
		{586FA756-EE79-4C5D-BFCF-8B5B1D4A5DEE}.Debug|Any CPU.ActiveCfg = Debug|Any CPU
		{586FA756-EE79-4C5D-BFCF-8B5B1D4A5DEE}.Debug|Any CPU.Build.0 = Debug|Any CPU
		{586FA756-EE79-4C5D-BFCF-8B5B1D4A5DEE}.Release|Any CPU.ActiveCfg = Release|Any CPU
		{586FA756-EE79-4C5D-BFCF-8B5B1D4A5DEE}.Release|Any CPU.Build.0 = Release|Any CPU
		{3206FF5F-AF78-4F7F-84DA-44021D42D5FC}.Debug|Any CPU.ActiveCfg = Debug|Any CPU
		{3206FF5F-AF78-4F7F-84DA-44021D42D5FC}.Debug|Any CPU.Build.0 = Debug|Any CPU
		{3206FF5F-AF78-4F7F-84DA-44021D42D5FC}.Release|Any CPU.ActiveCfg = Release|Any CPU
		{3206FF5F-AF78-4F7F-84DA-44021D42D5FC}.Release|Any CPU.Build.0 = Release|Any CPU
	EndGlobalSection
	GlobalSection(SolutionProperties) = preSolution
		HideSolutionNode = FALSE
	EndGlobalSection
EndGlobal
