
Microsoft Visual Studio Solution File, Format Version 12.00
# Visual Studio 14
VisualStudioVersion = 14.0.25420.1
MinimumVisualStudioVersion = 10.0.40219.1
Project("{FAE04EC0-301F-11D3-BF4B-00C04F79EFBC}") = "Snake", "Snake\Snake.csproj", "{45375EBD-F181-44DD-99DF-7138EFFA2E24}"
EndProject
Project("{FAE04EC0-301F-11D3-BF4B-00C04F79EFBC}") = "ChatServer", "ClassLibrary1\ChatServer.csproj", "{C0159FF7-89EB-4396-8777-D06961A011DA}"
EndProject
Project("{FAE04EC0-301F-11D3-BF4B-00C04F79EFBC}") = "NetworkControl", "ClassLibrary2\NetworkControl.csproj", "{56829827-ACC0-49D0-A35F-ECCAF9CF01B4}"
EndProject
Project("{FAE04EC0-301F-11D3-BF4B-00C04F79EFBC}") = "World", "World\World.csproj", "{8F36DBB6-7AE5-47C9-8ABB-55661C3C30B9}"
EndProject
Project("{FAE04EC0-301F-11D3-BF4B-00C04F79EFBC}") = "WindowsFormsApplication1", "WindowsFormsApplication1\WindowsFormsApplication1.csproj", "{DC23BFFD-4FDD-4567-9348-6AE971920388}"
EndProject
Global
	GlobalSection(SolutionConfigurationPlatforms) = preSolution
		Debug|Any CPU = Debug|Any CPU
		Release|Any CPU = Release|Any CPU
	EndGlobalSection
	GlobalSection(ProjectConfigurationPlatforms) = postSolution
		{45375EBD-F181-44DD-99DF-7138EFFA2E24}.Debug|Any CPU.ActiveCfg = Debug|Any CPU
		{45375EBD-F181-44DD-99DF-7138EFFA2E24}.Debug|Any CPU.Build.0 = Debug|Any CPU
		{45375EBD-F181-44DD-99DF-7138EFFA2E24}.Release|Any CPU.ActiveCfg = Release|Any CPU
		{45375EBD-F181-44DD-99DF-7138EFFA2E24}.Release|Any CPU.Build.0 = Release|Any CPU
		{C0159FF7-89EB-4396-8777-D06961A011DA}.Debug|Any CPU.ActiveCfg = Debug|Any CPU
		{C0159FF7-89EB-4396-8777-D06961A011DA}.Debug|Any CPU.Build.0 = Debug|Any CPU
		{C0159FF7-89EB-4396-8777-D06961A011DA}.Release|Any CPU.ActiveCfg = Release|Any CPU
		{C0159FF7-89EB-4396-8777-D06961A011DA}.Release|Any CPU.Build.0 = Release|Any CPU
		{56829827-ACC0-49D0-A35F-ECCAF9CF01B4}.Debug|Any CPU.ActiveCfg = Debug|Any CPU
		{56829827-ACC0-49D0-A35F-ECCAF9CF01B4}.Debug|Any CPU.Build.0 = Debug|Any CPU
		{56829827-ACC0-49D0-A35F-ECCAF9CF01B4}.Release|Any CPU.ActiveCfg = Release|Any CPU
		{56829827-ACC0-49D0-A35F-ECCAF9CF01B4}.Release|Any CPU.Build.0 = Release|Any CPU
		{8F36DBB6-7AE5-47C9-8ABB-55661C3C30B9}.Debug|Any CPU.ActiveCfg = Debug|Any CPU
		{8F36DBB6-7AE5-47C9-8ABB-55661C3C30B9}.Debug|Any CPU.Build.0 = Debug|Any CPU
		{8F36DBB6-7AE5-47C9-8ABB-55661C3C30B9}.Release|Any CPU.ActiveCfg = Release|Any CPU
		{8F36DBB6-7AE5-47C9-8ABB-55661C3C30B9}.Release|Any CPU.Build.0 = Release|Any CPU
		{DC23BFFD-4FDD-4567-9348-6AE971920388}.Debug|Any CPU.ActiveCfg = Debug|Any CPU
		{DC23BFFD-4FDD-4567-9348-6AE971920388}.Debug|Any CPU.Build.0 = Debug|Any CPU
		{DC23BFFD-4FDD-4567-9348-6AE971920388}.Release|Any CPU.ActiveCfg = Release|Any CPU
		{DC23BFFD-4FDD-4567-9348-6AE971920388}.Release|Any CPU.Build.0 = Release|Any CPU
	EndGlobalSection
	GlobalSection(SolutionProperties) = preSolution
		HideSolutionNode = FALSE
	EndGlobalSection
EndGlobal
