
Microsoft Visual Studio Solution File, Format Version 12.00
# Visual Studio 14
VisualStudioVersion = 14.0.25420.1
MinimumVisualStudioVersion = 10.0.40219.1
Project("{FAE04EC0-301F-11D3-BF4B-00C04F79EFBC}") = "Snake", "Snake\Snake.csproj", "{45375EBD-F181-44DD-99DF-7138EFFA2E24}"
EndProject
Project("{FAE04EC0-301F-11D3-BF4B-00C04F79EFBC}") = "NetworkControl", "ClassLibrary2\NetworkControl.csproj", "{56829827-ACC0-49D0-A35F-ECCAF9CF01B4}"
EndProject
Project("{FAE04EC0-301F-11D3-BF4B-00C04F79EFBC}") = "World", "World\World.csproj", "{8F36DBB6-7AE5-47C9-8ABB-55661C3C30B9}"
EndProject
Project("{FAE04EC0-301F-11D3-BF4B-00C04F79EFBC}") = "WindowsFormsApplication1", "WindowsFormsApplication1\WindowsFormsApplication1.csproj", "{DC23BFFD-4FDD-4567-9348-6AE971920388}"
EndProject
Project("{FAE04EC0-301F-11D3-BF4B-00C04F79EFBC}") = "Controller", "Controller\Controller.csproj", "{11CAD1E5-BBF0-4225-AD34-7836B0D6BC51}"
EndProject
Project("{FAE04EC0-301F-11D3-BF4B-00C04F79EFBC}") = "Food", "Food\Food.csproj", "{C5E9C0D5-DA93-4770-92C5-874FC435A12E}"
EndProject
Project("{FAE04EC0-301F-11D3-BF4B-00C04F79EFBC}") = "Point", "Point\Point.csproj", "{CD7E12E4-6BB9-40C1-961E-CF8621BB96C2}"
EndProject
Project("{FAE04EC0-301F-11D3-BF4B-00C04F79EFBC}") = "DrawingPanel", "DrawingPanel\DrawingPanel.csproj", "{58AA4D6E-6475-4252-8F61-52291E36958B}"
EndProject
Project("{FAE04EC0-301F-11D3-BF4B-00C04F79EFBC}") = "DrawWorld", "DrawWorld\DrawWorld.csproj", "{C716C7F5-3DE4-43C8-9143-B0DB745926AA}"
EndProject
Global
	GlobalSection(SolutionConfigurationPlatforms) = preSolution
		Debug|Any CPU = Debug|Any CPU
		Release|Any CPU = Release|Any CPU
	EndGlobalSection
	GlobalSection(ProjectConfigurationPlatforms) = postSolution
		{45375EBD-F181-44DD-99DF-7138EFFA2E24}.Debug|Any CPU.ActiveCfg = Debug|Any CPU
		{45375EBD-F181-44DD-99DF-7138EFFA2E24}.Debug|Any CPU.Build.0 = Debug|Any CPU
		{45375EBD-F181-44DD-99DF-7138EFFA2E24}.Release|Any CPU.ActiveCfg = Release|Any CPU
		{45375EBD-F181-44DD-99DF-7138EFFA2E24}.Release|Any CPU.Build.0 = Release|Any CPU
		{56829827-ACC0-49D0-A35F-ECCAF9CF01B4}.Debug|Any CPU.ActiveCfg = Debug|Any CPU
		{56829827-ACC0-49D0-A35F-ECCAF9CF01B4}.Debug|Any CPU.Build.0 = Debug|Any CPU
		{56829827-ACC0-49D0-A35F-ECCAF9CF01B4}.Release|Any CPU.ActiveCfg = Release|Any CPU
		{56829827-ACC0-49D0-A35F-ECCAF9CF01B4}.Release|Any CPU.Build.0 = Release|Any CPU
		{8F36DBB6-7AE5-47C9-8ABB-55661C3C30B9}.Debug|Any CPU.ActiveCfg = Debug|Any CPU
		{8F36DBB6-7AE5-47C9-8ABB-55661C3C30B9}.Debug|Any CPU.Build.0 = Debug|Any CPU
		{8F36DBB6-7AE5-47C9-8ABB-55661C3C30B9}.Release|Any CPU.ActiveCfg = Release|Any CPU
		{8F36DBB6-7AE5-47C9-8ABB-55661C3C30B9}.Release|Any CPU.Build.0 = Release|Any CPU
		{DC23BFFD-4FDD-4567-9348-6AE971920388}.Debug|Any CPU.ActiveCfg = Debug|Any CPU
		{DC23BFFD-4FDD-4567-9348-6AE971920388}.Debug|Any CPU.Build.0 = Debug|Any CPU
		{DC23BFFD-4FDD-4567-9348-6AE971920388}.Release|Any CPU.ActiveCfg = Release|Any CPU
		{DC23BFFD-4FDD-4567-9348-6AE971920388}.Release|Any CPU.Build.0 = Release|Any CPU
		{11CAD1E5-BBF0-4225-AD34-7836B0D6BC51}.Debug|Any CPU.ActiveCfg = Debug|Any CPU
		{11CAD1E5-BBF0-4225-AD34-7836B0D6BC51}.Debug|Any CPU.Build.0 = Debug|Any CPU
		{11CAD1E5-BBF0-4225-AD34-7836B0D6BC51}.Release|Any CPU.ActiveCfg = Release|Any CPU
		{11CAD1E5-BBF0-4225-AD34-7836B0D6BC51}.Release|Any CPU.Build.0 = Release|Any CPU
		{C5E9C0D5-DA93-4770-92C5-874FC435A12E}.Debug|Any CPU.ActiveCfg = Debug|Any CPU
		{C5E9C0D5-DA93-4770-92C5-874FC435A12E}.Debug|Any CPU.Build.0 = Debug|Any CPU
		{C5E9C0D5-DA93-4770-92C5-874FC435A12E}.Release|Any CPU.ActiveCfg = Release|Any CPU
		{C5E9C0D5-DA93-4770-92C5-874FC435A12E}.Release|Any CPU.Build.0 = Release|Any CPU
		{CD7E12E4-6BB9-40C1-961E-CF8621BB96C2}.Debug|Any CPU.ActiveCfg = Debug|Any CPU
		{CD7E12E4-6BB9-40C1-961E-CF8621BB96C2}.Debug|Any CPU.Build.0 = Debug|Any CPU
		{CD7E12E4-6BB9-40C1-961E-CF8621BB96C2}.Release|Any CPU.ActiveCfg = Release|Any CPU
		{CD7E12E4-6BB9-40C1-961E-CF8621BB96C2}.Release|Any CPU.Build.0 = Release|Any CPU
		{58AA4D6E-6475-4252-8F61-52291E36958B}.Debug|Any CPU.ActiveCfg = Debug|Any CPU
		{58AA4D6E-6475-4252-8F61-52291E36958B}.Debug|Any CPU.Build.0 = Debug|Any CPU
		{58AA4D6E-6475-4252-8F61-52291E36958B}.Release|Any CPU.ActiveCfg = Release|Any CPU
		{58AA4D6E-6475-4252-8F61-52291E36958B}.Release|Any CPU.Build.0 = Release|Any CPU
		{C716C7F5-3DE4-43C8-9143-B0DB745926AA}.Debug|Any CPU.ActiveCfg = Debug|Any CPU
		{C716C7F5-3DE4-43C8-9143-B0DB745926AA}.Debug|Any CPU.Build.0 = Debug|Any CPU
		{C716C7F5-3DE4-43C8-9143-B0DB745926AA}.Release|Any CPU.ActiveCfg = Release|Any CPU
		{C716C7F5-3DE4-43C8-9143-B0DB745926AA}.Release|Any CPU.Build.0 = Release|Any CPU
	EndGlobalSection
	GlobalSection(SolutionProperties) = preSolution
		HideSolutionNode = FALSE
	EndGlobalSection
EndGlobal
