
Microsoft Visual Studio Solution File, Format Version 12.00
# Visual Studio 14
VisualStudioVersion = 14.0.25420.1
MinimumVisualStudioVersion = 10.0.40219.1
Project("{FAE04EC0-301F-11D3-BF4B-00C04F79EFBC}") = "SpreadsheetUtilities", "DependencyGraph\SpreadsheetUtilities.csproj", "{4350CE77-74B3-4025-942E-4633794FFBF6}"
EndProject
Project("{FAE04EC0-301F-11D3-BF4B-00C04F79EFBC}") = "PS2GradingTest", "DevelopementTest\PS2GradingTest.csproj", "{8B7A8EC1-044B-4E6F-BE36-8879E43142D6}"
EndProject
Global
	GlobalSection(SolutionConfigurationPlatforms) = preSolution
		Debug|Any CPU = Debug|Any CPU
		Release|Any CPU = Release|Any CPU
	EndGlobalSection
	GlobalSection(ProjectConfigurationPlatforms) = postSolution
		{4350CE77-74B3-4025-942E-4633794FFBF6}.Debug|Any CPU.ActiveCfg = Debug|Any CPU
		{4350CE77-74B3-4025-942E-4633794FFBF6}.Debug|Any CPU.Build.0 = Debug|Any CPU
		{4350CE77-74B3-4025-942E-4633794FFBF6}.Release|Any CPU.ActiveCfg = Release|Any CPU
		{4350CE77-74B3-4025-942E-4633794FFBF6}.Release|Any CPU.Build.0 = Release|Any CPU
		{8B7A8EC1-044B-4E6F-BE36-8879E43142D6}.Debug|Any CPU.ActiveCfg = Debug|Any CPU
		{8B7A8EC1-044B-4E6F-BE36-8879E43142D6}.Debug|Any CPU.Build.0 = Debug|Any CPU
		{8B7A8EC1-044B-4E6F-BE36-8879E43142D6}.Release|Any CPU.ActiveCfg = Release|Any CPU
		{8B7A8EC1-044B-4E6F-BE36-8879E43142D6}.Release|Any CPU.Build.0 = Release|Any CPU
	EndGlobalSection
	GlobalSection(SolutionProperties) = preSolution
		HideSolutionNode = FALSE
	EndGlobalSection
EndGlobal
