
Microsoft Visual Studio Solution File, Format Version 12.00
# Visual Studio 14
VisualStudioVersion = 14.0.25420.1
MinimumVisualStudioVersion = 10.0.40219.1
Project("{FAE04EC0-301F-11D3-BF4B-00C04F79EFBC}") = "Spreadsheet", "Spreadsheet\Spreadsheet.csproj", "{CD2849E0-C6E4-4269-B4B2-5E9762AE9F8D}"
EndProject
Project("{FAE04EC0-301F-11D3-BF4B-00C04F79EFBC}") = "Resources", "Resources\Resources.csproj", "{97583AE1-CC20-4B1A-A2E0-5FC6776A39BF}"
EndProject
Project("{FAE04EC0-301F-11D3-BF4B-00C04F79EFBC}") = "SpreadsheetTest", "UnitTestProject1\SpreadsheetTest.csproj", "{9AD3AC1A-DFC8-4F8D-A0F8-DACB71A298D8}"
EndProject
Global
	GlobalSection(SolutionConfigurationPlatforms) = preSolution
		Debug|Any CPU = Debug|Any CPU
		Release|Any CPU = Release|Any CPU
	EndGlobalSection
	GlobalSection(ProjectConfigurationPlatforms) = postSolution
		{CD2849E0-C6E4-4269-B4B2-5E9762AE9F8D}.Debug|Any CPU.ActiveCfg = Debug|Any CPU
		{CD2849E0-C6E4-4269-B4B2-5E9762AE9F8D}.Debug|Any CPU.Build.0 = Debug|Any CPU
		{CD2849E0-C6E4-4269-B4B2-5E9762AE9F8D}.Release|Any CPU.ActiveCfg = Release|Any CPU
		{CD2849E0-C6E4-4269-B4B2-5E9762AE9F8D}.Release|Any CPU.Build.0 = Release|Any CPU
		{97583AE1-CC20-4B1A-A2E0-5FC6776A39BF}.Debug|Any CPU.ActiveCfg = Debug|Any CPU
		{97583AE1-CC20-4B1A-A2E0-5FC6776A39BF}.Release|Any CPU.ActiveCfg = Release|Any CPU
		{97583AE1-CC20-4B1A-A2E0-5FC6776A39BF}.Release|Any CPU.Build.0 = Release|Any CPU
		{9AD3AC1A-DFC8-4F8D-A0F8-DACB71A298D8}.Debug|Any CPU.ActiveCfg = Debug|Any CPU
		{9AD3AC1A-DFC8-4F8D-A0F8-DACB71A298D8}.Debug|Any CPU.Build.0 = Debug|Any CPU
		{9AD3AC1A-DFC8-4F8D-A0F8-DACB71A298D8}.Release|Any CPU.ActiveCfg = Release|Any CPU
		{9AD3AC1A-DFC8-4F8D-A0F8-DACB71A298D8}.Release|Any CPU.Build.0 = Release|Any CPU
	EndGlobalSection
	GlobalSection(SolutionProperties) = preSolution
		HideSolutionNode = FALSE
	EndGlobalSection
EndGlobal
